
Microsoft Visual Studio Solution File, Format Version 12.00
# Visual Studio Version 17
VisualStudioVersion = 17.4.33205.214
MinimumVisualStudioVersion = 10.0.40219.1
Project("{2150E333-8FDC-42A3-9474-1A3956D46DE8}") = "CoreApp", "CoreApp", "{02D81851-50CB-40E5-AAE2-7C2D15844CA4}"
EndProject
Project("{2150E333-8FDC-42A3-9474-1A3956D46DE8}") = "Application.API", "Application.API", "{6AF6CCC0-A265-49A7-B256-882A67DB90B7}"
EndProject
Project("{2150E333-8FDC-42A3-9474-1A3956D46DE8}") = "Cliente", "Cliente", "{DDABDEF7-EAA1-4025-B943-23DE096F21BA}"
EndProject
Project("{9A19103F-16F7-4668-BE54-9A1E7A4F7556}") = "NotificationMicroserviceAPI", "Application.API\Cliente\NotificationMicroserviceAPI.csproj", "{F508705E-851C-416E-ACBC-A22AC15EF5FE}"
EndProject
Project("{2150E333-8FDC-42A3-9474-1A3956D46DE8}") = "Infra", "Infra", "{851689CB-5954-4F76-9DB3-63B9E58E7626}"
EndProject
Project("{9A19103F-16F7-4668-BE54-9A1E7A4F7556}") = "InfraForGlobal", "CoreApp\InfraForGlobal\InfraForGlobal.csproj", "{FFCE14D0-9C97-405A-99F7-92E6DCCD1BA7}"
EndProject
Project("{2150E333-8FDC-42A3-9474-1A3956D46DE8}") = "BLL", "BLL", "{6B169F1E-BC3C-4F70-B495-CA025F825C2C}"
EndProject
Project("{9A19103F-16F7-4668-BE54-9A1E7A4F7556}") = "BLLCore", "CoreApp\ManagerCore\BLLCore.csproj", "{EE866A78-1637-4648-8B03-1942B2C554D5}"
EndProject
Project("{2150E333-8FDC-42A3-9474-1A3956D46DE8}") = "DTO", "DTO", "{3DFD96E2-3ADE-40A7-A87C-5E174C07C8D2}"
EndProject
Project("{9A19103F-16F7-4668-BE54-9A1E7A4F7556}") = "DTO", "CoreApp\DTOModelView\DTO.csproj", "{0C6866A7-ADCB-4E40-9311-7977C301A147}"
EndProject
Project("{2150E333-8FDC-42A3-9474-1A3956D46DE8}") = "InfraForAPI", "InfraForAPI", "{EE0C9909-3A25-418E-8570-28A88082A1E0}"
EndProject
Project("{9A19103F-16F7-4668-BE54-9A1E7A4F7556}") = "InfraForAPI", "Application.API\InfraForAPI\InfraForAPI.csproj", "{113DA914-BA47-477B-A5C4-C05BCA1018DA}"
EndProject
Project("{E53339B2-1760-4266-BCC7-CA923CBCF16C}") = "docker-compose", "docker-compose.dcproj", "{1824E16E-0DC4-4E39-8CCF-612C5BF3F14B}"
EndProject
Global
	GlobalSection(SolutionConfigurationPlatforms) = preSolution
		Debug|Any CPU = Debug|Any CPU
		Release|Any CPU = Release|Any CPU
	EndGlobalSection
	GlobalSection(ProjectConfigurationPlatforms) = postSolution
		{F508705E-851C-416E-ACBC-A22AC15EF5FE}.Debug|Any CPU.ActiveCfg = Debug|Any CPU
		{F508705E-851C-416E-ACBC-A22AC15EF5FE}.Debug|Any CPU.Build.0 = Debug|Any CPU
		{F508705E-851C-416E-ACBC-A22AC15EF5FE}.Release|Any CPU.ActiveCfg = Release|Any CPU
		{F508705E-851C-416E-ACBC-A22AC15EF5FE}.Release|Any CPU.Build.0 = Release|Any CPU
		{FFCE14D0-9C97-405A-99F7-92E6DCCD1BA7}.Debug|Any CPU.ActiveCfg = Debug|Any CPU
		{FFCE14D0-9C97-405A-99F7-92E6DCCD1BA7}.Debug|Any CPU.Build.0 = Debug|Any CPU
		{FFCE14D0-9C97-405A-99F7-92E6DCCD1BA7}.Release|Any CPU.ActiveCfg = Release|Any CPU
		{FFCE14D0-9C97-405A-99F7-92E6DCCD1BA7}.Release|Any CPU.Build.0 = Release|Any CPU
		{EE866A78-1637-4648-8B03-1942B2C554D5}.Debug|Any CPU.ActiveCfg = Debug|Any CPU
		{EE866A78-1637-4648-8B03-1942B2C554D5}.Debug|Any CPU.Build.0 = Debug|Any CPU
		{EE866A78-1637-4648-8B03-1942B2C554D5}.Release|Any CPU.ActiveCfg = Release|Any CPU
		{EE866A78-1637-4648-8B03-1942B2C554D5}.Release|Any CPU.Build.0 = Release|Any CPU
		{0C6866A7-ADCB-4E40-9311-7977C301A147}.Debug|Any CPU.ActiveCfg = Debug|Any CPU
		{0C6866A7-ADCB-4E40-9311-7977C301A147}.Debug|Any CPU.Build.0 = Debug|Any CPU
		{0C6866A7-ADCB-4E40-9311-7977C301A147}.Release|Any CPU.ActiveCfg = Release|Any CPU
		{0C6866A7-ADCB-4E40-9311-7977C301A147}.Release|Any CPU.Build.0 = Release|Any CPU
		{113DA914-BA47-477B-A5C4-C05BCA1018DA}.Debug|Any CPU.ActiveCfg = Debug|Any CPU
		{113DA914-BA47-477B-A5C4-C05BCA1018DA}.Debug|Any CPU.Build.0 = Debug|Any CPU
		{113DA914-BA47-477B-A5C4-C05BCA1018DA}.Release|Any CPU.ActiveCfg = Release|Any CPU
		{113DA914-BA47-477B-A5C4-C05BCA1018DA}.Release|Any CPU.Build.0 = Release|Any CPU
		{1824E16E-0DC4-4E39-8CCF-612C5BF3F14B}.Debug|Any CPU.ActiveCfg = Debug|Any CPU
		{1824E16E-0DC4-4E39-8CCF-612C5BF3F14B}.Debug|Any CPU.Build.0 = Debug|Any CPU
		{1824E16E-0DC4-4E39-8CCF-612C5BF3F14B}.Release|Any CPU.ActiveCfg = Release|Any CPU
		{1824E16E-0DC4-4E39-8CCF-612C5BF3F14B}.Release|Any CPU.Build.0 = Release|Any CPU
	EndGlobalSection
	GlobalSection(SolutionProperties) = preSolution
		HideSolutionNode = FALSE
	EndGlobalSection
	GlobalSection(NestedProjects) = preSolution
		{DDABDEF7-EAA1-4025-B943-23DE096F21BA} = {6AF6CCC0-A265-49A7-B256-882A67DB90B7}
		{F508705E-851C-416E-ACBC-A22AC15EF5FE} = {DDABDEF7-EAA1-4025-B943-23DE096F21BA}
		{851689CB-5954-4F76-9DB3-63B9E58E7626} = {02D81851-50CB-40E5-AAE2-7C2D15844CA4}
		{FFCE14D0-9C97-405A-99F7-92E6DCCD1BA7} = {851689CB-5954-4F76-9DB3-63B9E58E7626}
		{6B169F1E-BC3C-4F70-B495-CA025F825C2C} = {02D81851-50CB-40E5-AAE2-7C2D15844CA4}
		{EE866A78-1637-4648-8B03-1942B2C554D5} = {6B169F1E-BC3C-4F70-B495-CA025F825C2C}
		{3DFD96E2-3ADE-40A7-A87C-5E174C07C8D2} = {02D81851-50CB-40E5-AAE2-7C2D15844CA4}
		{0C6866A7-ADCB-4E40-9311-7977C301A147} = {3DFD96E2-3ADE-40A7-A87C-5E174C07C8D2}
		{EE0C9909-3A25-418E-8570-28A88082A1E0} = {6AF6CCC0-A265-49A7-B256-882A67DB90B7}
		{113DA914-BA47-477B-A5C4-C05BCA1018DA} = {EE0C9909-3A25-418E-8570-28A88082A1E0}
	EndGlobalSection
	GlobalSection(ExtensibilityGlobals) = postSolution
		SolutionGuid = {328B70DC-F2DD-4017-B826-71DABA30F1E9}
	EndGlobalSection
EndGlobal
